{"schemaVersion":1,"kind":"hutch-project-dependencies","objects":[{"type":"release","relativeRoot":"releases/cottontail/0.5.0/e5660061b8e64b5ea044799da8518780a9987391/linux-x64","version":"0.5.0","platform":"linux-x64","product":"cottontail","revision":"e5660061b8e64b5ea044799da8518780a9987391","archiveSha256":"836483b9d755ff1ec763a90c32185f2fc19f2651835a12bc7f8b4e6010562700"},{"type":"electrobun","relativeRoot":"releases/electrobun/2.0.1/linux-x64","version":"2.0.1","platform":"linux-x64","product":"electrobun","coreSha256":"29da550b3cb30c0b868b6155aa35b791548baa044f97118951e1c7a413c95307","sourceManifestSha256":"6976bd71556c18f3805f0c19c409ca3753789ea579227fe8b58f985be854619f"}]}
